
Microsoft Visual Studio Solution File, Format Version 12.00
# Visual Studio Version 17
VisualStudioVersion = 17.13.35828.75 d17.13
MinimumVisualStudioVersion = 10.0.40219.1
Project("{FAE04EC0-301F-11D3-BF4B-00C04F79EFBC}") = "ServidorESP32", "ServidorESP32\ServidorESP32.csproj", "{542A2B1F-E70A-41DB-A204-1C2FBF3D56F0}"
EndProject
Global
	GlobalSection(SolutionConfigurationPlatforms) = preSolution
		Debug|Any CPU = Debug|Any CPU
		Release|Any CPU = Release|Any CPU
	EndGlobalSection
	GlobalSection(ProjectConfigurationPlatforms) = postSolution
		{542A2B1F-E70A-41DB-A204-1C2FBF3D56F0}.Debug|Any CPU.ActiveCfg = Debug|Any CPU
		{542A2B1F-E70A-41DB-A204-1C2FBF3D56F0}.Debug|Any CPU.Build.0 = Debug|Any CPU
		{542A2B1F-E70A-41DB-A204-1C2FBF3D56F0}.Release|Any CPU.ActiveCfg = Release|Any CPU
		{542A2B1F-E70A-41DB-A204-1C2FBF3D56F0}.Release|Any CPU.Build.0 = Release|Any CPU
	EndGlobalSection
	GlobalSection(SolutionProperties) = preSolution
		HideSolutionNode = FALSE
	EndGlobalSection
	GlobalSection(ExtensibilityGlobals) = postSolution
		SolutionGuid = {A5514E99-3D52-42B3-B106-5CCE2FFE69F9}
	EndGlobalSection
EndGlobal
